// !$*UTF8*$!
{
	archiveVersion = 1;
	classes = {
	};
	objectVersion = 51;
	objects = {

/* Begin PBXBuildFile section */
		743B5B6026A4820E0094B1DD /* ResultTableViewCell.swift in Sources */ = {isa = PBXBuildFile; fileRef = 743B5B5F26A4820E0094B1DD /* ResultTableViewCell.swift */; };
		743B5B6226A4839C0094B1DD /* ResultsTableViewController.swift in Sources */ = {isa = PBXBuildFile; fileRef = 743B5B6126A4839C0094B1DD /* ResultsTableViewController.swift */; };
		7472350126C11422006B58D0 /* Localizable.strings in Resources */ = {isa = PBXBuildFile; fileRef = 7472350326C11422006B58D0 /* Localizable.strings */; };
		74844B0A26A61060006D6B95 /* LoginViewController.swift in Sources */ = {isa = PBXBuildFile; fileRef = 74844B0826A61060006D6B95 /* LoginViewController.swift */; };
		74844B0B26A61060006D6B95 /* SignUpViewController.swift in Sources */ = {isa = PBXBuildFile; fileRef = 74844B0926A61060006D6B95 /* SignUpViewController.swift */; };
		74844B0F26A610F0006D6B95 /* SignUpViewModel.swift in Sources */ = {isa = PBXBuildFile; fileRef = 74844B0D26A610F0006D6B95 /* SignUpViewModel.swift */; };
		74844B1026A610F0006D6B95 /* LoginViewModel.swift in Sources */ = {isa = PBXBuildFile; fileRef = 74844B0E26A610F0006D6B95 /* LoginViewModel.swift */; };
		74844B1526A611FC006D6B95 /* UITitleTextErrorView.swift in Sources */ = {isa = PBXBuildFile; fileRef = 74844B1226A611FC006D6B95 /* UITitleTextErrorView.swift */; };
		74844B1626A611FC006D6B95 /* UIScrollableViewController.swift in Sources */ = {isa = PBXBuildFile; fileRef = 74844B1326A611FC006D6B95 /* UIScrollableViewController.swift */; };
		74844B1726A611FC006D6B95 /* UIPaddingLabel.swift in Sources */ = {isa = PBXBuildFile; fileRef = 74844B1426A611FC006D6B95 /* UIPaddingLabel.swift */; };
		74844B1A26A6BB60006D6B95 /* StringExtensions.swift in Sources */ = {isa = PBXBuildFile; fileRef = 74844B1926A6BB60006D6B95 /* StringExtensions.swift */; };
		74844B1D26A6BBF0006D6B95 /* FirebaseFacade.swift in Sources */ = {isa = PBXBuildFile; fileRef = 74844B1C26A6BBF0006D6B95 /* FirebaseFacade.swift */; };
		74844B1F26A6BC93006D6B95 /* GoogleService-Info.plist in Resources */ = {isa = PBXBuildFile; fileRef = 74844B1E26A6BC93006D6B95 /* GoogleService-Info.plist */; };
		748B9E5B269F0B2A0025AF3A /* ViewControllerExtensions.swift in Sources */ = {isa = PBXBuildFile; fileRef = 748B9E5A269F0B2A0025AF3A /* ViewControllerExtensions.swift */; };
		74918CFA26A3181F003F7053 /* GameResultsCaretaker.swift in Sources */ = {isa = PBXBuildFile; fileRef = 74918CF926A3181F003F7053 /* GameResultsCaretaker.swift */; };
		74E4A6F62699CC460072E878 /* AppDelegate.swift in Sources */ = {isa = PBXBuildFile; fileRef = 74E4A6F52699CC460072E878 /* AppDelegate.swift */; };
		74E4A6F82699CC460072E878 /* SceneDelegate.swift in Sources */ = {isa = PBXBuildFile; fileRef = 74E4A6F72699CC460072E878 /* SceneDelegate.swift */; };
		74E4A6FD2699CC460072E878 /* Main.storyboard in Resources */ = {isa = PBXBuildFile; fileRef = 74E4A6FB2699CC460072E878 /* Main.storyboard */; };
		74E4A6FF2699CC470072E878 /* Assets.xcassets in Resources */ = {isa = PBXBuildFile; fileRef = 74E4A6FE2699CC470072E878 /* Assets.xcassets */; };
		74E4A7022699CC470072E878 /* LaunchScreen.storyboard in Resources */ = {isa = PBXBuildFile; fileRef = 74E4A7002699CC470072E878 /* LaunchScreen.storyboard */; };
		74E4A70A2699F43C0072E878 /* StartViewController.swift in Sources */ = {isa = PBXBuildFile; fileRef = 74E4A7092699F43C0072E878 /* StartViewController.swift */; };
		74E4A70C269A25810072E878 /* Game.swift in Sources */ = {isa = PBXBuildFile; fileRef = 74E4A70B269A25810072E878 /* Game.swift */; };
		74E4A70E269A25910072E878 /* GameSession.swift in Sources */ = {isa = PBXBuildFile; fileRef = 74E4A70D269A25910072E878 /* GameSession.swift */; };
		74E4A710269A268A0072E878 /* Question.swift in Sources */ = {isa = PBXBuildFile; fileRef = 74E4A70F269A268A0072E878 /* Question.swift */; };
		74E4A712269A5CBE0072E878 /* GameViewController.swift in Sources */ = {isa = PBXBuildFile; fileRef = 74E4A711269A5CBE0072E878 /* GameViewController.swift */; };
		74E4A714269B271F0072E878 /* GameResult.swift in Sources */ = {isa = PBXBuildFile; fileRef = 74E4A713269B271F0072E878 /* GameResult.swift */; };
		74E4A71A269B49AD0072E878 /* NetworkManager.swift in Sources */ = {isa = PBXBuildFile; fileRef = 74E4A719269B49AD0072E878 /* NetworkManager.swift */; };
		74E4A71C269B4A930072E878 /* GameViewModel.swift in Sources */ = {isa = PBXBuildFile; fileRef = 74E4A71B269B4A930072E878 /* GameViewModel.swift */; };
		74F38154269BA1390077F86F /* ParserJSON.swift in Sources */ = {isa = PBXBuildFile; fileRef = 74F38153269BA1390077F86F /* ParserJSON.swift */; };
		74F6495526CD431C002CAFF4 /* EnglishRussianTranslator.swift in Sources */ = {isa = PBXBuildFile; fileRef = 74F6495426CD431C002CAFF4 /* EnglishRussianTranslator.swift */; };
		C07632D333D5B5069E6DEA5C /* Pods_GeekQuiz.framework in Frameworks */ = {isa = PBXBuildFile; fileRef = 72A00120B8D4C64A197D4A5E /* Pods_GeekQuiz.framework */; };
/* End PBXBuildFile section */

/* Begin PBXFileReference section */
		72A00120B8D4C64A197D4A5E /* Pods_GeekQuiz.framework */ = {isa = PBXFileReference; explicitFileType = wrapper.framework; includeInIndex = 0; path = Pods_GeekQuiz.framework; sourceTree = BUILT_PRODUCTS_DIR; };
		743B5B5F26A4820E0094B1DD /* ResultTableViewCell.swift */ = {isa = PBXFileReference; lastKnownFileType = sourcecode.swift; path = ResultTableViewCell.swift; sourceTree = "<group>"; };
		743B5B6126A4839C0094B1DD /* ResultsTableViewController.swift */ = {isa = PBXFileReference; lastKnownFileType = sourcecode.swift; path = ResultsTableViewController.swift; sourceTree = "<group>"; };
		747234FD26C11408006B58D0 /* ru */ = {isa = PBXFileReference; lastKnownFileType = text.plist.strings; name = ru; path = ru.lproj/Main.strings; sourceTree = "<group>"; };
		747234FE26C11408006B58D0 /* ru */ = {isa = PBXFileReference; lastKnownFileType = text.plist.strings; name = ru; path = ru.lproj/LaunchScreen.strings; sourceTree = "<group>"; };
		7472350226C11422006B58D0 /* en */ = {isa = PBXFileReference; lastKnownFileType = text.plist.strings; name = en; path = en.lproj/Localizable.strings; sourceTree = "<group>"; };
		7472350426C11425006B58D0 /* ru */ = {isa = PBXFileReference; lastKnownFileType = text.plist.strings; name = ru; path = ru.lproj/Localizable.strings; sourceTree = "<group>"; };
		74844B0826A61060006D6B95 /* LoginViewController.swift */ = {isa = PBXFileReference; fileEncoding = 4; lastKnownFileType = sourcecode.swift; path = LoginViewController.swift; sourceTree = "<group>"; };
		74844B0926A61060006D6B95 /* SignUpViewController.swift */ = {isa = PBXFileReference; fileEncoding = 4; lastKnownFileType = sourcecode.swift; path = SignUpViewController.swift; sourceTree = "<group>"; };
		74844B0D26A610F0006D6B95 /* SignUpViewModel.swift */ = {isa = PBXFileReference; fileEncoding = 4; lastKnownFileType = sourcecode.swift; path = SignUpViewModel.swift; sourceTree = "<group>"; };
		74844B0E26A610F0006D6B95 /* LoginViewModel.swift */ = {isa = PBXFileReference; fileEncoding = 4; lastKnownFileType = sourcecode.swift; path = LoginViewModel.swift; sourceTree = "<group>"; };
		74844B1226A611FC006D6B95 /* UITitleTextErrorView.swift */ = {isa = PBXFileReference; fileEncoding = 4; lastKnownFileType = sourcecode.swift; path = UITitleTextErrorView.swift; sourceTree = "<group>"; };
		74844B1326A611FC006D6B95 /* UIScrollableViewController.swift */ = {isa = PBXFileReference; fileEncoding = 4; lastKnownFileType = sourcecode.swift; path = UIScrollableViewController.swift; sourceTree = "<group>"; };
		74844B1426A611FC006D6B95 /* UIPaddingLabel.swift */ = {isa = PBXFileReference; fileEncoding = 4; lastKnownFileType = sourcecode.swift; path = UIPaddingLabel.swift; sourceTree = "<group>"; };
		74844B1926A6BB60006D6B95 /* StringExtensions.swift */ = {isa = PBXFileReference; lastKnownFileType = sourcecode.swift; path = StringExtensions.swift; sourceTree = "<group>"; };
		74844B1C26A6BBF0006D6B95 /* FirebaseFacade.swift */ = {isa = PBXFileReference; lastKnownFileType = sourcecode.swift; path = FirebaseFacade.swift; sourceTree = "<group>"; };
		74844B1E26A6BC93006D6B95 /* GoogleService-Info.plist */ = {isa = PBXFileReference; fileEncoding = 4; lastKnownFileType = text.plist.xml; path = "GoogleService-Info.plist"; sourceTree = "<group>"; };
		748B9E5A269F0B2A0025AF3A /* ViewControllerExtensions.swift */ = {isa = PBXFileReference; lastKnownFileType = sourcecode.swift; path = ViewControllerExtensions.swift; sourceTree = "<group>"; };
		74918CF926A3181F003F7053 /* GameResultsCaretaker.swift */ = {isa = PBXFileReference; lastKnownFileType = sourcecode.swift; path = GameResultsCaretaker.swift; sourceTree = "<group>"; };
		74E4A6F22699CC460072E878 /* GeekQuiz.app */ = {isa = PBXFileReference; explicitFileType = wrapper.application; includeInIndex = 0; path = GeekQuiz.app; sourceTree = BUILT_PRODUCTS_DIR; };
		74E4A6F52699CC460072E878 /* AppDelegate.swift */ = {isa = PBXFileReference; lastKnownFileType = sourcecode.swift; path = AppDelegate.swift; sourceTree = "<group>"; };
		74E4A6F72699CC460072E878 /* SceneDelegate.swift */ = {isa = PBXFileReference; lastKnownFileType = sourcecode.swift; path = SceneDelegate.swift; sourceTree = "<group>"; };
		74E4A6FC2699CC460072E878 /* Base */ = {isa = PBXFileReference; lastKnownFileType = file.storyboard; name = Base; path = Base.lproj/Main.storyboard; sourceTree = "<group>"; };
		74E4A6FE2699CC470072E878 /* Assets.xcassets */ = {isa = PBXFileReference; lastKnownFileType = folder.assetcatalog; path = Assets.xcassets; sourceTree = "<group>"; };
		74E4A7012699CC470072E878 /* Base */ = {isa = PBXFileReference; lastKnownFileType = file.storyboard; name = Base; path = Base.lproj/LaunchScreen.storyboard; sourceTree = "<group>"; };
		74E4A7032699CC470072E878 /* Info.plist */ = {isa = PBXFileReference; lastKnownFileType = text.plist.xml; path = Info.plist; sourceTree = "<group>"; };
		74E4A7092699F43C0072E878 /* StartViewController.swift */ = {isa = PBXFileReference; lastKnownFileType = sourcecode.swift; path = StartViewController.swift; sourceTree = "<group>"; };
		74E4A70B269A25810072E878 /* Game.swift */ = {isa = PBXFileReference; lastKnownFileType = sourcecode.swift; path = Game.swift; sourceTree = "<group>"; };
		74E4A70D269A25910072E878 /* GameSession.swift */ = {isa = PBXFileReference; lastKnownFileType = sourcecode.swift; path = GameSession.swift; sourceTree = "<group>"; };
		74E4A70F269A268A0072E878 /* Question.swift */ = {isa = PBXFileReference; lastKnownFileType = sourcecode.swift; path = Question.swift; sourceTree = "<group>"; };
		74E4A711269A5CBE0072E878 /* GameViewController.swift */ = {isa = PBXFileReference; lastKnownFileType = sourcecode.swift; path = GameViewController.swift; sourceTree = "<group>"; };
		74E4A713269B271F0072E878 /* GameResult.swift */ = {isa = PBXFileReference; lastKnownFileType = sourcecode.swift; path = GameResult.swift; sourceTree = "<group>"; };
		74E4A719269B49AD0072E878 /* NetworkManager.swift */ = {isa = PBXFileReference; lastKnownFileType = sourcecode.swift; path = NetworkManager.swift; sourceTree = "<group>"; };
		74E4A71B269B4A930072E878 /* GameViewModel.swift */ = {isa = PBXFileReference; lastKnownFileType = sourcecode.swift; path = GameViewModel.swift; sourceTree = "<group>"; };
		74F38153269BA1390077F86F /* ParserJSON.swift */ = {isa = PBXFileReference; lastKnownFileType = sourcecode.swift; path = ParserJSON.swift; sourceTree = "<group>"; };
		74F6495426CD431C002CAFF4 /* EnglishRussianTranslator.swift */ = {isa = PBXFileReference; lastKnownFileType = sourcecode.swift; path = EnglishRussianTranslator.swift; sourceTree = "<group>"; };
		76165D17207E7E053B1ABDBF /* Pods-GeekQuiz.debug.xcconfig */ = {isa = PBXFileReference; includeInIndex = 1; lastKnownFileType = text.xcconfig; name = "Pods-GeekQuiz.debug.xcconfig"; path = "Target Support Files/Pods-GeekQuiz/Pods-GeekQuiz.debug.xcconfig"; sourceTree = "<group>"; };
		78208CC7F905583D0FE66FF6 /* Pods-GeekQuiz.release.xcconfig */ = {isa = PBXFileReference; includeInIndex = 1; lastKnownFileType = text.xcconfig; name = "Pods-GeekQuiz.release.xcconfig"; path = "Target Support Files/Pods-GeekQuiz/Pods-GeekQuiz.release.xcconfig"; sourceTree = "<group>"; };
/* End PBXFileReference section */

/* Begin PBXFrameworksBuildPhase section */
		74E4A6EF2699CC460072E878 /* Frameworks */ = {
			isa = PBXFrameworksBuildPhase;
			buildActionMask = 2147483647;
			files = (
				C07632D333D5B5069E6DEA5C /* Pods_GeekQuiz.framework in Frameworks */,
			);
			runOnlyForDeploymentPostprocessing = 0;
		};
/* End PBXFrameworksBuildPhase section */

/* Begin PBXGroup section */
		74844B0726A61012006D6B95 /* Login */ = {
			isa = PBXGroup;
			children = (
				74844B0826A61060006D6B95 /* LoginViewController.swift */,
				74844B0926A61060006D6B95 /* SignUpViewController.swift */,
			);
			path = Login;
			sourceTree = "<group>";
		};
		74844B0C26A610C1006D6B95 /* Login */ = {
			isa = PBXGroup;
			children = (
				74844B0E26A610F0006D6B95 /* LoginViewModel.swift */,
				74844B0D26A610F0006D6B95 /* SignUpViewModel.swift */,
			);
			path = Login;
			sourceTree = "<group>";
		};
		74844B1126A611B1006D6B95 /* CustomViews */ = {
			isa = PBXGroup;
			children = (
				74844B1426A611FC006D6B95 /* UIPaddingLabel.swift */,
				74844B1326A611FC006D6B95 /* UIScrollableViewController.swift */,
				74844B1226A611FC006D6B95 /* UITitleTextErrorView.swift */,
			);
			path = CustomViews;
			sourceTree = "<group>";
		};
		74844B1826A6BB4E006D6B95 /* Extensions */ = {
			isa = PBXGroup;
			children = (
				748B9E5A269F0B2A0025AF3A /* ViewControllerExtensions.swift */,
				74844B1926A6BB60006D6B95 /* StringExtensions.swift */,
			);
			name = Extensions;
			sourceTree = "<group>";
		};
		74844B1B26A6BBB5006D6B95 /* Facades */ = {
			isa = PBXGroup;
			children = (
				74844B1C26A6BBF0006D6B95 /* FirebaseFacade.swift */,
			);
			name = Facades;
			sourceTree = "<group>";
		};
		74E4A6E92699CC460072E878 = {
			isa = PBXGroup;
			children = (
				74E4A6F42699CC460072E878 /* GeekQuiz */,
				74E4A6F32699CC460072E878 /* Products */,
				8BB4A13BEA5BA63B285F44B1 /* Pods */,
				780B8457A23306A3D8E2FDFD /* Frameworks */,
			);
			sourceTree = "<group>";
		};
		74E4A6F32699CC460072E878 /* Products */ = {
			isa = PBXGroup;
			children = (
				74E4A6F22699CC460072E878 /* GeekQuiz.app */,
			);
			name = Products;
			sourceTree = "<group>";
		};
		74E4A6F42699CC460072E878 /* GeekQuiz */ = {
			isa = PBXGroup;
			children = (
				74E4A717269B3F300072E878 /* Views */,
				74E4A716269B3F260072E878 /* ViewModels */,
				74E4A715269B3F190072E878 /* Models */,
				74E4A718269B41230072E878 /* Utilities */,
				74E4A6F52699CC460072E878 /* AppDelegate.swift */,
				74E4A6F72699CC460072E878 /* SceneDelegate.swift */,
				74E4A6FB2699CC460072E878 /* Main.storyboard */,
				74E4A7002699CC470072E878 /* LaunchScreen.storyboard */,
				74E4A6FE2699CC470072E878 /* Assets.xcassets */,
				74E4A7032699CC470072E878 /* Info.plist */,
				74844B1E26A6BC93006D6B95 /* GoogleService-Info.plist */,
				7472350326C11422006B58D0 /* Localizable.strings */,
			);
			path = GeekQuiz;
			sourceTree = "<group>";
		};
		74E4A715269B3F190072E878 /* Models */ = {
			isa = PBXGroup;
			children = (
				74E4A713269B271F0072E878 /* GameResult.swift */,
				74E4A70D269A25910072E878 /* GameSession.swift */,
				74E4A70F269A268A0072E878 /* Question.swift */,
				74E4A70B269A25810072E878 /* Game.swift */,
			);
			path = Models;
			sourceTree = "<group>";
		};
		74E4A716269B3F260072E878 /* ViewModels */ = {
			isa = PBXGroup;
			children = (
				74844B0C26A610C1006D6B95 /* Login */,
				74E4A71B269B4A930072E878 /* GameViewModel.swift */,
			);
			path = ViewModels;
			sourceTree = "<group>";
		};
		74E4A717269B3F300072E878 /* Views */ = {
			isa = PBXGroup;
			children = (
				74844B1126A611B1006D6B95 /* CustomViews */,
				74844B0726A61012006D6B95 /* Login */,
				74E4A7092699F43C0072E878 /* StartViewController.swift */,
				74E4A711269A5CBE0072E878 /* GameViewController.swift */,
				743B5B5F26A4820E0094B1DD /* ResultTableViewCell.swift */,
				743B5B6126A4839C0094B1DD /* ResultsTableViewController.swift */,
			);
			path = Views;
			sourceTree = "<group>";
		};
		74E4A718269B41230072E878 /* Utilities */ = {
			isa = PBXGroup;
			children = (
				74844B1B26A6BBB5006D6B95 /* Facades */,
				74844B1826A6BB4E006D6B95 /* Extensions */,
				74E4A719269B49AD0072E878 /* NetworkManager.swift */,
				74F38153269BA1390077F86F /* ParserJSON.swift */,
				74918CF926A3181F003F7053 /* GameResultsCaretaker.swift */,
				74F6495426CD431C002CAFF4 /* EnglishRussianTranslator.swift */,
			);
			path = Utilities;
			sourceTree = "<group>";
		};
		780B8457A23306A3D8E2FDFD /* Frameworks */ = {
			isa = PBXGroup;
			children = (
				72A00120B8D4C64A197D4A5E /* Pods_GeekQuiz.framework */,
			);
			name = Frameworks;
			sourceTree = "<group>";
		};
		8BB4A13BEA5BA63B285F44B1 /* Pods */ = {
			isa = PBXGroup;
			children = (
				76165D17207E7E053B1ABDBF /* Pods-GeekQuiz.debug.xcconfig */,
				78208CC7F905583D0FE66FF6 /* Pods-GeekQuiz.release.xcconfig */,
			);
			path = Pods;
			sourceTree = "<group>";
		};
/* End PBXGroup section */

/* Begin PBXNativeTarget section */
		74E4A6F12699CC460072E878 /* GeekQuiz */ = {
			isa = PBXNativeTarget;
			buildConfigurationList = 74E4A7062699CC470072E878 /* Build configuration list for PBXNativeTarget "GeekQuiz" */;
			buildPhases = (
				66CC7B1D9526C73585B77FCA /* [CP] Check Pods Manifest.lock */,
				74E4A6EE2699CC460072E878 /* Sources */,
				74E4A6EF2699CC460072E878 /* Frameworks */,
				74E4A6F02699CC460072E878 /* Resources */,
				B223AB065ECDA05EE8922B6E /* [CP] Embed Pods Frameworks */,
				A0262DED81C9C6A171C73148 /* [CP] Copy Pods Resources */,
			);
			buildRules = (
			);
			dependencies = (
			);
			name = GeekQuiz;
			productName = GeekQuiz;
			productReference = 74E4A6F22699CC460072E878 /* GeekQuiz.app */;
			productType = "com.apple.product-type.application";
		};
/* End PBXNativeTarget section */

/* Begin PBXProject section */
		74E4A6EA2699CC460072E878 /* Project object */ = {
			isa = PBXProject;
			attributes = {
				LastSwiftUpdateCheck = 1250;
				LastUpgradeCheck = 1250;
				TargetAttributes = {
					74E4A6F12699CC460072E878 = {
						CreatedOnToolsVersion = 12.5.1;
					};
				};
			};
			buildConfigurationList = 74E4A6ED2699CC460072E878 /* Build configuration list for PBXProject "GeekQuiz" */;
			compatibilityVersion = "Xcode 9.3";
			developmentRegion = en;
			hasScannedForEncodings = 0;
			knownRegions = (
				en,
				Base,
				ru,
			);
			mainGroup = 74E4A6E92699CC460072E878;
			productRefGroup = 74E4A6F32699CC460072E878 /* Products */;
			projectDirPath = "";
			projectRoot = "";
			targets = (
				74E4A6F12699CC460072E878 /* GeekQuiz */,
			);
		};
/* End PBXProject section */

/* Begin PBXResourcesBuildPhase section */
		74E4A6F02699CC460072E878 /* Resources */ = {
			isa = PBXResourcesBuildPhase;
			buildActionMask = 2147483647;
			files = (
				7472350126C11422006B58D0 /* Localizable.strings in Resources */,
				74E4A7022699CC470072E878 /* LaunchScreen.storyboard in Resources */,
				74844B1F26A6BC93006D6B95 /* GoogleService-Info.plist in Resources */,
				74E4A6FF2699CC470072E878 /* Assets.xcassets in Resources */,
				74E4A6FD2699CC460072E878 /* Main.storyboard in Resources */,
			);
			runOnlyForDeploymentPostprocessing = 0;
		};
/* End PBXResourcesBuildPhase section */

/* Begin PBXShellScriptBuildPhase section */
		66CC7B1D9526C73585B77FCA /* [CP] Check Pods Manifest.lock */ = {
			isa = PBXShellScriptBuildPhase;
			buildActionMask = 2147483647;
			files = (
			);
			inputFileListPaths = (
			);
			inputPaths = (
				"${PODS_PODFILE_DIR_PATH}/Podfile.lock",
				"${PODS_ROOT}/Manifest.lock",
			);
			name = "[CP] Check Pods Manifest.lock";
			outputFileListPaths = (
			);
			outputPaths = (
				"$(DERIVED_FILE_DIR)/Pods-GeekQuiz-checkManifestLockResult.txt",
			);
			runOnlyForDeploymentPostprocessing = 0;
			shellPath = /bin/sh;
			shellScript = "diff \"${PODS_PODFILE_DIR_PATH}/Podfile.lock\" \"${PODS_ROOT}/Manifest.lock\" > /dev/null\nif [ $? != 0 ] ; then\n    # print error to STDERR\n    echo \"error: The sandbox is not in sync with the Podfile.lock. Run 'pod install' or update your CocoaPods installation.\" >&2\n    exit 1\nfi\n# This output is used by Xcode 'outputs' to avoid re-running this script phase.\necho \"SUCCESS\" > \"${SCRIPT_OUTPUT_FILE_0}\"\n";
			showEnvVarsInLog = 0;
		};
		A0262DED81C9C6A171C73148 /* [CP] Copy Pods Resources */ = {
			isa = PBXShellScriptBuildPhase;
			buildActionMask = 2147483647;
			files = (
			);
			inputFileListPaths = (
				"${PODS_ROOT}/Target Support Files/Pods-GeekQuiz/Pods-GeekQuiz-resources-${CONFIGURATION}-input-files.xcfilelist",
			);
			name = "[CP] Copy Pods Resources";
			outputFileListPaths = (
				"${PODS_ROOT}/Target Support Files/Pods-GeekQuiz/Pods-GeekQuiz-resources-${CONFIGURATION}-output-files.xcfilelist",
			);
			runOnlyForDeploymentPostprocessing = 0;
			shellPath = /bin/sh;
			shellScript = "\"${PODS_ROOT}/Target Support Files/Pods-GeekQuiz/Pods-GeekQuiz-resources.sh\"\n";
			showEnvVarsInLog = 0;
		};
		B223AB065ECDA05EE8922B6E /* [CP] Embed Pods Frameworks */ = {
			isa = PBXShellScriptBuildPhase;
			buildActionMask = 2147483647;
			files = (
			);
			inputFileListPaths = (
				"${PODS_ROOT}/Target Support Files/Pods-GeekQuiz/Pods-GeekQuiz-frameworks-${CONFIGURATION}-input-files.xcfilelist",
			);
			name = "[CP] Embed Pods Frameworks";
			outputFileListPaths = (
				"${PODS_ROOT}/Target Support Files/Pods-GeekQuiz/Pods-GeekQuiz-frameworks-${CONFIGURATION}-output-files.xcfilelist",
			);
			runOnlyForDeploymentPostprocessing = 0;
			shellPath = /bin/sh;
			shellScript = "\"${PODS_ROOT}/Target Support Files/Pods-GeekQuiz/Pods-GeekQuiz-frameworks.sh\"\n";
			showEnvVarsInLog = 0;
		};
/* End PBXShellScriptBuildPhase section */

/* Begin PBXSourcesBuildPhase section */
		74E4A6EE2699CC460072E878 /* Sources */ = {
			isa = PBXSourcesBuildPhase;
			buildActionMask = 2147483647;
			files = (
				74E4A70C269A25810072E878 /* Game.swift in Sources */,
				74918CFA26A3181F003F7053 /* GameResultsCaretaker.swift in Sources */,
				743B5B6026A4820E0094B1DD /* ResultTableViewCell.swift in Sources */,
				74E4A71A269B49AD0072E878 /* NetworkManager.swift in Sources */,
				74844B0F26A610F0006D6B95 /* SignUpViewModel.swift in Sources */,
				74844B1626A611FC006D6B95 /* UIScrollableViewController.swift in Sources */,
				74F38154269BA1390077F86F /* ParserJSON.swift in Sources */,
				74844B0B26A61060006D6B95 /* SignUpViewController.swift in Sources */,
				74E4A70A2699F43C0072E878 /* StartViewController.swift in Sources */,
				748B9E5B269F0B2A0025AF3A /* ViewControllerExtensions.swift in Sources */,
				74E4A6F62699CC460072E878 /* AppDelegate.swift in Sources */,
				74E4A712269A5CBE0072E878 /* GameViewController.swift in Sources */,
				74844B1D26A6BBF0006D6B95 /* FirebaseFacade.swift in Sources */,
				74844B1A26A6BB60006D6B95 /* StringExtensions.swift in Sources */,
				74F6495526CD431C002CAFF4 /* EnglishRussianTranslator.swift in Sources */,
				74844B1526A611FC006D6B95 /* UITitleTextErrorView.swift in Sources */,
				743B5B6226A4839C0094B1DD /* ResultsTableViewController.swift in Sources */,
				74844B1726A611FC006D6B95 /* UIPaddingLabel.swift in Sources */,
				74E4A70E269A25910072E878 /* GameSession.swift in Sources */,
				74E4A710269A268A0072E878 /* Question.swift in Sources */,
				74844B0A26A61060006D6B95 /* LoginViewController.swift in Sources */,
				74E4A6F82699CC460072E878 /* SceneDelegate.swift in Sources */,
				74E4A71C269B4A930072E878 /* GameViewModel.swift in Sources */,
				74844B1026A610F0006D6B95 /* LoginViewModel.swift in Sources */,
				74E4A714269B271F0072E878 /* GameResult.swift in Sources */,
			);
			runOnlyForDeploymentPostprocessing = 0;
		};
/* End PBXSourcesBuildPhase section */

/* Begin PBXVariantGroup section */
		7472350326C11422006B58D0 /* Localizable.strings */ = {
			isa = PBXVariantGroup;
			children = (
				7472350226C11422006B58D0 /* en */,
				7472350426C11425006B58D0 /* ru */,
			);
			name = Localizable.strings;
			sourceTree = "<group>";
		};
		74E4A6FB2699CC460072E878 /* Main.storyboard */ = {
			isa = PBXVariantGroup;
			children = (
				74E4A6FC2699CC460072E878 /* Base */,
				747234FD26C11408006B58D0 /* ru */,
			);
			name = Main.storyboard;
			sourceTree = "<group>";
		};
		74E4A7002699CC470072E878 /* LaunchScreen.storyboard */ = {
			isa = PBXVariantGroup;
			children = (
				74E4A7012699CC470072E878 /* Base */,
				747234FE26C11408006B58D0 /* ru */,
			);
			name = LaunchScreen.storyboard;
			sourceTree = "<group>";
		};
/* End PBXVariantGroup section */

/* Begin XCBuildConfiguration section */
		74E4A7042699CC470072E878 /* Debug */ = {
			isa = XCBuildConfiguration;
			buildSettings = {
				ALWAYS_SEARCH_USER_PATHS = NO;
				CLANG_ANALYZER_LOCALIZABILITY_NONLOCALIZED = YES;
				CLANG_ANALYZER_NONNULL = YES;
				CLANG_ANALYZER_NUMBER_OBJECT_CONVERSION = YES_AGGRESSIVE;
				CLANG_CXX_LANGUAGE_STANDARD = "gnu++14";
				CLANG_CXX_LIBRARY = "libc++";
				CLANG_ENABLE_MODULES = YES;
				CLANG_ENABLE_OBJC_ARC = YES;
				CLANG_ENABLE_OBJC_WEAK = YES;
				CLANG_WARN_BLOCK_CAPTURE_AUTORELEASING = YES;
				CLANG_WARN_BOOL_CONVERSION = YES;
				CLANG_WARN_COMMA = YES;
				CLANG_WARN_CONSTANT_CONVERSION = YES;
				CLANG_WARN_DEPRECATED_OBJC_IMPLEMENTATIONS = YES;
				CLANG_WARN_DIRECT_OBJC_ISA_USAGE = YES_ERROR;
				CLANG_WARN_DOCUMENTATION_COMMENTS = YES;
				CLANG_WARN_EMPTY_BODY = YES;
				CLANG_WARN_ENUM_CONVERSION = YES;
				CLANG_WARN_INFINITE_RECURSION = YES;
				CLANG_WARN_INT_CONVERSION = YES;
				CLANG_WARN_NON_LITERAL_NULL_CONVERSION = YES;
				CLANG_WARN_OBJC_IMPLICIT_RETAIN_SELF = YES;
				CLANG_WARN_OBJC_LITERAL_CONVERSION = YES;
				CLANG_WARN_OBJC_ROOT_CLASS = YES_ERROR;
				CLANG_WARN_QUOTED_INCLUDE_IN_FRAMEWORK_HEADER = YES;
				CLANG_WARN_RANGE_LOOP_ANALYSIS = YES;
				CLANG_WARN_STRICT_PROTOTYPES = YES;
				CLANG_WARN_SUSPICIOUS_MOVE = YES;
				CLANG_WARN_UNGUARDED_AVAILABILITY = YES_AGGRESSIVE;
				CLANG_WARN_UNREACHABLE_CODE = YES;
				CLANG_WARN__DUPLICATE_METHOD_MATCH = YES;
				COPY_PHASE_STRIP = NO;
				DEBUG_INFORMATION_FORMAT = dwarf;
				ENABLE_STRICT_OBJC_MSGSEND = YES;
				ENABLE_TESTABILITY = YES;
				EXCLUDED_ARCHS = arm64;
				GCC_C_LANGUAGE_STANDARD = gnu11;
				GCC_DYNAMIC_NO_PIC = NO;
				GCC_NO_COMMON_BLOCKS = YES;
				GCC_OPTIMIZATION_LEVEL = 0;
				GCC_PREPROCESSOR_DEFINITIONS = (
					"DEBUG=1",
					"$(inherited)",
				);
				GCC_WARN_64_TO_32_BIT_CONVERSION = YES;
				GCC_WARN_ABOUT_RETURN_TYPE = YES_ERROR;
				GCC_WARN_UNDECLARED_SELECTOR = YES;
				GCC_WARN_UNINITIALIZED_AUTOS = YES_AGGRESSIVE;
				GCC_WARN_UNUSED_FUNCTION = YES;
				GCC_WARN_UNUSED_VARIABLE = YES;
				IPHONEOS_DEPLOYMENT_TARGET = 14.5;
				MTL_ENABLE_DEBUG_INFO = INCLUDE_SOURCE;
				MTL_FAST_MATH = YES;
				ONLY_ACTIVE_ARCH = YES;
				SDKROOT = iphoneos;
				SWIFT_ACTIVE_COMPILATION_CONDITIONS = DEBUG;
				SWIFT_OPTIMIZATION_LEVEL = "-Onone";
			};
			name = Debug;
		};
		74E4A7052699CC470072E878 /* Release */ = {
			isa = XCBuildConfiguration;
			buildSettings = {
				ALWAYS_SEARCH_USER_PATHS = NO;
				CLANG_ANALYZER_LOCALIZABILITY_NONLOCALIZED = YES;
				CLANG_ANALYZER_NONNULL = YES;
				CLANG_ANALYZER_NUMBER_OBJECT_CONVERSION = YES_AGGRESSIVE;
				CLANG_CXX_LANGUAGE_STANDARD = "gnu++14";
				CLANG_CXX_LIBRARY = "libc++";
				CLANG_ENABLE_MODULES = YES;
				CLANG_ENABLE_OBJC_ARC = YES;
				CLANG_ENABLE_OBJC_WEAK = YES;
				CLANG_WARN_BLOCK_CAPTURE_AUTORELEASING = YES;
				CLANG_WARN_BOOL_CONVERSION = YES;
				CLANG_WARN_COMMA = YES;
				CLANG_WARN_CONSTANT_CONVERSION = YES;
				CLANG_WARN_DEPRECATED_OBJC_IMPLEMENTATIONS = YES;
				CLANG_WARN_DIRECT_OBJC_ISA_USAGE = YES_ERROR;
				CLANG_WARN_DOCUMENTATION_COMMENTS = YES;
				CLANG_WARN_EMPTY_BODY = YES;
				CLANG_WARN_ENUM_CONVERSION = YES;
				CLANG_WARN_INFINITE_RECURSION = YES;
				CLANG_WARN_INT_CONVERSION = YES;
				CLANG_WARN_NON_LITERAL_NULL_CONVERSION = YES;
				CLANG_WARN_OBJC_IMPLICIT_RETAIN_SELF = YES;
				CLANG_WARN_OBJC_LITERAL_CONVERSION = YES;
				CLANG_WARN_OBJC_ROOT_CLASS = YES_ERROR;
				CLANG_WARN_QUOTED_INCLUDE_IN_FRAMEWORK_HEADER = YES;
				CLANG_WARN_RANGE_LOOP_ANALYSIS = YES;
				CLANG_WARN_STRICT_PROTOTYPES = YES;
				CLANG_WARN_SUSPICIOUS_MOVE = YES;
				CLANG_WARN_UNGUARDED_AVAILABILITY = YES_AGGRESSIVE;
				CLANG_WARN_UNREACHABLE_CODE = YES;
				CLANG_WARN__DUPLICATE_METHOD_MATCH = YES;
				COPY_PHASE_STRIP = NO;
				DEBUG_INFORMATION_FORMAT = "dwarf-with-dsym";
				ENABLE_NS_ASSERTIONS = NO;
				ENABLE_STRICT_OBJC_MSGSEND = YES;
				EXCLUDED_ARCHS = arm64;
				GCC_C_LANGUAGE_STANDARD = gnu11;
				GCC_NO_COMMON_BLOCKS = YES;
				GCC_WARN_64_TO_32_BIT_CONVERSION = YES;
				GCC_WARN_ABOUT_RETURN_TYPE = YES_ERROR;
				GCC_WARN_UNDECLARED_SELECTOR = YES;
				GCC_WARN_UNINITIALIZED_AUTOS = YES_AGGRESSIVE;
				GCC_WARN_UNUSED_FUNCTION = YES;
				GCC_WARN_UNUSED_VARIABLE = YES;
				IPHONEOS_DEPLOYMENT_TARGET = 14.5;
				MTL_ENABLE_DEBUG_INFO = NO;
				MTL_FAST_MATH = YES;
				SDKROOT = iphoneos;
				SWIFT_COMPILATION_MODE = wholemodule;
				SWIFT_OPTIMIZATION_LEVEL = "-O";
				VALIDATE_PRODUCT = YES;
			};
			name = Release;
		};
		74E4A7072699CC470072E878 /* Debug */ = {
			isa = XCBuildConfiguration;
			baseConfigurationReference = 76165D17207E7E053B1ABDBF /* Pods-GeekQuiz.debug.xcconfig */;
			buildSettings = {
				ASSETCATALOG_COMPILER_APPICON_NAME = AppIcon;
				ASSETCATALOG_COMPILER_GLOBAL_ACCENT_COLOR_NAME = AccentColor;
				CODE_SIGN_STYLE = Automatic;
				DEVELOPMENT_TEAM = 49B53529R9;
				EXCLUDED_ARCHS = arm64;
				INFOPLIST_FILE = GeekQuiz/Info.plist;
				LD_RUNPATH_SEARCH_PATHS = (
					"$(inherited)",
					"@executable_path/Frameworks",
				);
				PRODUCT_BUNDLE_IDENTIFIER = LaCost765.GeekQuiz;
				PRODUCT_NAME = "$(TARGET_NAME)";
				SWIFT_VERSION = 5.0;
				TARGETED_DEVICE_FAMILY = "1,2";
			};
			name = Debug;
		};
		74E4A7082699CC470072E878 /* Release */ = {
			isa = XCBuildConfiguration;
			baseConfigurationReference = 78208CC7F905583D0FE66FF6 /* Pods-GeekQuiz.release.xcconfig */;
			buildSettings = {
				ASSETCATALOG_COMPILER_APPICON_NAME = AppIcon;
				ASSETCATALOG_COMPILER_GLOBAL_ACCENT_COLOR_NAME = AccentColor;
				CODE_SIGN_STYLE = Automatic;
				DEVELOPMENT_TEAM = 49B53529R9;
				EXCLUDED_ARCHS = arm64;
				INFOPLIST_FILE = GeekQuiz/Info.plist;
				LD_RUNPATH_SEARCH_PATHS = (
					"$(inherited)",
					"@executable_path/Frameworks",
				);
				PRODUCT_BUNDLE_IDENTIFIER = LaCost765.GeekQuiz;
				PRODUCT_NAME = "$(TARGET_NAME)";
				SWIFT_VERSION = 5.0;
				TARGETED_DEVICE_FAMILY = "1,2";
			};
			name = Release;
		};
/* End XCBuildConfiguration section */

/* Begin XCConfigurationList section */
		74E4A6ED2699CC460072E878 /* Build configuration list for PBXProject "GeekQuiz" */ = {
			isa = XCConfigurationList;
			buildConfigurations = (
				74E4A7042699CC470072E878 /* Debug */,
				74E4A7052699CC470072E878 /* Release */,
			);
			defaultConfigurationIsVisible = 0;
			defaultConfigurationName = Release;
		};
		74E4A7062699CC470072E878 /* Build configuration list for PBXNativeTarget "GeekQuiz" */ = {
			isa = XCConfigurationList;
			buildConfigurations = (
				74E4A7072699CC470072E878 /* Debug */,
				74E4A7082699CC470072E878 /* Release */,
			);
			defaultConfigurationIsVisible = 0;
			defaultConfigurationName = Release;
		};
/* End XCConfigurationList section */
	};
	rootObject = 74E4A6EA2699CC460072E878 /* Project object */;
}
